
Microsoft Visual Studio Solution File, Format Version 12.00
# Visual Studio Version 16
VisualStudioVersion = 16.0.31005.135
MinimumVisualStudioVersion = 10.0.40219.1
Project("{9A19103F-16F7-4668-BE54-9A1E7A4F7556}") = "DataAccess", "DataAccess\DataAccess.csproj", "{19D8B02F-27D0-4ECD-ADED-372369A84959}"
EndProject
Project("{9A19103F-16F7-4668-BE54-9A1E7A4F7556}") = "Business", "Business\Business.csproj", "{471AE178-03D0-4740-A3A2-C3236F1D0EF7}"
EndProject
Project("{9A19103F-16F7-4668-BE54-9A1E7A4F7556}") = "Entities", "Entities\Entities.csproj", "{872C8542-7036-431B-A052-6BEDE5256891}"
EndProject
Project("{9A19103F-16F7-4668-BE54-9A1E7A4F7556}") = "ConsoleUI", "ConsoleUI\ConsoleUI.csproj", "{18F32B64-65CF-4976-A0C5-8A3B1E09DC6D}"
EndProject
Project("{9A19103F-16F7-4668-BE54-9A1E7A4F7556}") = "Core", "Core\Core.csproj", "{7282E728-D54E-436A-8CBE-72655F141118}"
EndProject
Project("{FAE04EC0-301F-11D3-BF4B-00C04F79EFBC}") = "WebAPI", "WebAPI\WebAPI.csproj", "{7E691E8C-2BE5-46B5-AE30-84C34A8FFB76}"
EndProject
Global
	GlobalSection(SolutionConfigurationPlatforms) = preSolution
		Debug|Any CPU = Debug|Any CPU
		Release|Any CPU = Release|Any CPU
	EndGlobalSection
	GlobalSection(ProjectConfigurationPlatforms) = postSolution
		{19D8B02F-27D0-4ECD-ADED-372369A84959}.Debug|Any CPU.ActiveCfg = Debug|Any CPU
		{19D8B02F-27D0-4ECD-ADED-372369A84959}.Debug|Any CPU.Build.0 = Debug|Any CPU
		{19D8B02F-27D0-4ECD-ADED-372369A84959}.Release|Any CPU.ActiveCfg = Release|Any CPU
		{19D8B02F-27D0-4ECD-ADED-372369A84959}.Release|Any CPU.Build.0 = Release|Any CPU
		{471AE178-03D0-4740-A3A2-C3236F1D0EF7}.Debug|Any CPU.ActiveCfg = Debug|Any CPU
		{471AE178-03D0-4740-A3A2-C3236F1D0EF7}.Debug|Any CPU.Build.0 = Debug|Any CPU
		{471AE178-03D0-4740-A3A2-C3236F1D0EF7}.Release|Any CPU.ActiveCfg = Release|Any CPU
		{471AE178-03D0-4740-A3A2-C3236F1D0EF7}.Release|Any CPU.Build.0 = Release|Any CPU
		{872C8542-7036-431B-A052-6BEDE5256891}.Debug|Any CPU.ActiveCfg = Debug|Any CPU
		{872C8542-7036-431B-A052-6BEDE5256891}.Debug|Any CPU.Build.0 = Debug|Any CPU
		{872C8542-7036-431B-A052-6BEDE5256891}.Release|Any CPU.ActiveCfg = Release|Any CPU
		{872C8542-7036-431B-A052-6BEDE5256891}.Release|Any CPU.Build.0 = Release|Any CPU
		{18F32B64-65CF-4976-A0C5-8A3B1E09DC6D}.Debug|Any CPU.ActiveCfg = Debug|Any CPU
		{18F32B64-65CF-4976-A0C5-8A3B1E09DC6D}.Debug|Any CPU.Build.0 = Debug|Any CPU
		{18F32B64-65CF-4976-A0C5-8A3B1E09DC6D}.Release|Any CPU.ActiveCfg = Release|Any CPU
		{18F32B64-65CF-4976-A0C5-8A3B1E09DC6D}.Release|Any CPU.Build.0 = Release|Any CPU
		{7282E728-D54E-436A-8CBE-72655F141118}.Debug|Any CPU.ActiveCfg = Debug|Any CPU
		{7282E728-D54E-436A-8CBE-72655F141118}.Debug|Any CPU.Build.0 = Debug|Any CPU
		{7282E728-D54E-436A-8CBE-72655F141118}.Release|Any CPU.ActiveCfg = Release|Any CPU
		{7282E728-D54E-436A-8CBE-72655F141118}.Release|Any CPU.Build.0 = Release|Any CPU
		{7E691E8C-2BE5-46B5-AE30-84C34A8FFB76}.Debug|Any CPU.ActiveCfg = Debug|Any CPU
		{7E691E8C-2BE5-46B5-AE30-84C34A8FFB76}.Debug|Any CPU.Build.0 = Debug|Any CPU
		{7E691E8C-2BE5-46B5-AE30-84C34A8FFB76}.Release|Any CPU.ActiveCfg = Release|Any CPU
		{7E691E8C-2BE5-46B5-AE30-84C34A8FFB76}.Release|Any CPU.Build.0 = Release|Any CPU
	EndGlobalSection
	GlobalSection(SolutionProperties) = preSolution
		HideSolutionNode = FALSE
	EndGlobalSection
	GlobalSection(ExtensibilityGlobals) = postSolution
		SolutionGuid = {19977AD6-B829-4802-A183-9A2A076D1A29}
	EndGlobalSection
EndGlobal
